
Microsoft Visual Studio Solution File, Format Version 12.00
# Visual Studio Version 17
VisualStudioVersion = 17.7.34031.279
MinimumVisualStudioVersion = 10.0.40219.1
Project("{FAE04EC0-301F-11D3-BF4B-00C04F79EFBC}") = "HW_8", "HW_8.csproj", "{5D818E09-A249-424D-B3C6-0671FE5FF49F}"
EndProject
Global
	GlobalSection(SolutionConfigurationPlatforms) = preSolution
		Debug|Any CPU = Debug|Any CPU
		Release|Any CPU = Release|Any CPU
	EndGlobalSection
	GlobalSection(ProjectConfigurationPlatforms) = postSolution
		{5D818E09-A249-424D-B3C6-0671FE5FF49F}.Debug|Any CPU.ActiveCfg = Debug|Any CPU
		{5D818E09-A249-424D-B3C6-0671FE5FF49F}.Debug|Any CPU.Build.0 = Debug|Any CPU
		{5D818E09-A249-424D-B3C6-0671FE5FF49F}.Release|Any CPU.ActiveCfg = Release|Any CPU
		{5D818E09-A249-424D-B3C6-0671FE5FF49F}.Release|Any CPU.Build.0 = Release|Any CPU
	EndGlobalSection
	GlobalSection(SolutionProperties) = preSolution
		HideSolutionNode = FALSE
	EndGlobalSection
	GlobalSection(ExtensibilityGlobals) = postSolution
		SolutionGuid = {98F17B83-1DAA-4B02-89DE-7AE9B4E7FB59}
	EndGlobalSection
EndGlobal
